{
  "name": "@vue/reactivity",
  "version": "3.2.45",
  "lockfileVersion": 2,
  "requires": true,
  "packages": {
    "": {
      "name": "@vue/reactivity",
      "version": "3.2.45",
      "license": "MIT",
      "dependencies": {
        "@vue/shared": "3.2.45"
      }
    },
    "node_modules/@vue/shared": {
      "version": "3.2.45",
      "resolved": "https://repo.huaweicloud.com/repository/npm/@vue/shared/-/shared-3.2.45.tgz",
      "integrity": "sha512-Ewzq5Yhimg7pSztDV+RH1UDKBzmtqieXQlpTVm2AwraoRL/Rks96mvd8Vgi7Lj+h+TH8dv7mXD3FRZR3TUvbSg==",
      "license": "MIT"
    }
  },
  "dependencies": {
    "@vue/shared": {
      "version": "3.2.45",
      "resolved": "https://repo.huaweicloud.com/repository/npm/@vue/shared/-/shared-3.2.45.tgz",
      "integrity": "sha512-Ewzq5Yhimg7pSztDV+RH1UDKBzmtqieXQlpTVm2AwraoRL/Rks96mvd8Vgi7Lj+h+TH8dv7mXD3FRZR3TUvbSg=="
    }
  }
}
